
Microsoft Visual Studio Solution File, Format Version 12.00
# Visual Studio Version 16
VisualStudioVersion = 16.0.29613.14
MinimumVisualStudioVersion = 10.0.40219.1
Project("{FAE04EC0-301F-11D3-BF4B-00C04F79EFBC}") = "NuGetPackageManagerUI", "NuGetPackageManagerUI\NuGetPackageManagerUI.csproj", "{BF4E34E2-117E-42CE-A163-2AFC58865C7B}"
EndProject
Project("{2150E333-8FDC-42A3-9474-1A3956D46DE8}") = "Solution Items", "Solution Items", "{DDEA79BD-9CAE-41AD-81D2-1417A6A39927}"
	ProjectSection(SolutionItems) = preProject
		README.md = README.md
	EndProjectSection
EndProject
Global
	GlobalSection(SolutionConfigurationPlatforms) = preSolution
		Debug|Any CPU = Debug|Any CPU
		Release|Any CPU = Release|Any CPU
	EndGlobalSection
	GlobalSection(ProjectConfigurationPlatforms) = postSolution
		{BF4E34E2-117E-42CE-A163-2AFC58865C7B}.Debug|Any CPU.ActiveCfg = Debug|Any CPU
		{BF4E34E2-117E-42CE-A163-2AFC58865C7B}.Debug|Any CPU.Build.0 = Debug|Any CPU
		{BF4E34E2-117E-42CE-A163-2AFC58865C7B}.Release|Any CPU.ActiveCfg = Release|Any CPU
		{BF4E34E2-117E-42CE-A163-2AFC58865C7B}.Release|Any CPU.Build.0 = Release|Any CPU
	EndGlobalSection
	GlobalSection(SolutionProperties) = preSolution
		HideSolutionNode = FALSE
	EndGlobalSection
	GlobalSection(ExtensibilityGlobals) = postSolution
		SolutionGuid = {32E3D6E6-1081-4E1B-AC08-A8640CB43DB0}
	EndGlobalSection
EndGlobal
